
Microsoft Visual Studio Solution File, Format Version 12.00
# Visual Studio Version 16
VisualStudioVersion = 16.0.31112.23
MinimumVisualStudioVersion = 10.0.40219.1
Project("{FAE04EC0-301F-11D3-BF4B-00C04F79EFBC}") = "Encription Master v3.0", "Encription Master v3.0.csproj", "{DE7819CD-0E0D-41C8-9C2E-05CEF60B8AF0}"
EndProject
Global
	GlobalSection(SolutionConfigurationPlatforms) = preSolution
		Debug|Any CPU = Debug|Any CPU
		Release|Any CPU = Release|Any CPU
	EndGlobalSection
	GlobalSection(ProjectConfigurationPlatforms) = postSolution
		{DE7819CD-0E0D-41C8-9C2E-05CEF60B8AF0}.Debug|Any CPU.ActiveCfg = Debug|Any CPU
		{DE7819CD-0E0D-41C8-9C2E-05CEF60B8AF0}.Debug|Any CPU.Build.0 = Debug|Any CPU
		{DE7819CD-0E0D-41C8-9C2E-05CEF60B8AF0}.Release|Any CPU.ActiveCfg = Release|Any CPU
		{DE7819CD-0E0D-41C8-9C2E-05CEF60B8AF0}.Release|Any CPU.Build.0 = Release|Any CPU
	EndGlobalSection
	GlobalSection(SolutionProperties) = preSolution
		HideSolutionNode = FALSE
	EndGlobalSection
	GlobalSection(ExtensibilityGlobals) = postSolution
		SolutionGuid = {1535FD37-C113-430A-94B7-C460EB83D31B}
	EndGlobalSection
EndGlobal
